
Microsoft Visual Studio Solution File, Format Version 12.00
# Visual Studio Version 17
VisualStudioVersion = 17.0.32014.148
MinimumVisualStudioVersion = 10.0.40219.1
Project("{FAE04EC0-301F-11D3-BF4B-00C04F79EFBC}") = "LR7_PP", "LR7_PP\LR7_PP.csproj", "{D8E40582-0A7B-4506-8422-F4C1A69607DD}"
EndProject
Global
	GlobalSection(SolutionConfigurationPlatforms) = preSolution
		Debug|Any CPU = Debug|Any CPU
		Release|Any CPU = Release|Any CPU
	EndGlobalSection
	GlobalSection(ProjectConfigurationPlatforms) = postSolution
		{D8E40582-0A7B-4506-8422-F4C1A69607DD}.Debug|Any CPU.ActiveCfg = Debug|Any CPU
		{D8E40582-0A7B-4506-8422-F4C1A69607DD}.Debug|Any CPU.Build.0 = Debug|Any CPU
		{D8E40582-0A7B-4506-8422-F4C1A69607DD}.Release|Any CPU.ActiveCfg = Release|Any CPU
		{D8E40582-0A7B-4506-8422-F4C1A69607DD}.Release|Any CPU.Build.0 = Release|Any CPU
	EndGlobalSection
	GlobalSection(SolutionProperties) = preSolution
		HideSolutionNode = FALSE
	EndGlobalSection
	GlobalSection(ExtensibilityGlobals) = postSolution
		SolutionGuid = {95E0F8B6-B387-4B2A-BE0B-2E65A90A54F2}
	EndGlobalSection
EndGlobal
